
Microsoft Visual Studio Solution File, Format Version 12.00
# Visual Studio Version 17
VisualStudioVersion = 17.4.33110.190
MinimumVisualStudioVersion = 10.0.40219.1
Project("{FAE04EC0-301F-11D3-BF4B-00C04F79EFBC}") = "work-5", "work-5\work-5.csproj", "{3E125DF5-8EA5-4713-A036-372F84FAE108}"
EndProject
Global
	GlobalSection(SolutionConfigurationPlatforms) = preSolution
		Debug|Any CPU = Debug|Any CPU
		Release|Any CPU = Release|Any CPU
	EndGlobalSection
	GlobalSection(ProjectConfigurationPlatforms) = postSolution
		{3E125DF5-8EA5-4713-A036-372F84FAE108}.Debug|Any CPU.ActiveCfg = Debug|Any CPU
		{3E125DF5-8EA5-4713-A036-372F84FAE108}.Debug|Any CPU.Build.0 = Debug|Any CPU
		{3E125DF5-8EA5-4713-A036-372F84FAE108}.Release|Any CPU.ActiveCfg = Release|Any CPU
		{3E125DF5-8EA5-4713-A036-372F84FAE108}.Release|Any CPU.Build.0 = Release|Any CPU
	EndGlobalSection
	GlobalSection(SolutionProperties) = preSolution
		HideSolutionNode = FALSE
	EndGlobalSection
	GlobalSection(ExtensibilityGlobals) = postSolution
		SolutionGuid = {071D3021-971C-4F75-A195-FE2D08BC1796}
	EndGlobalSection
EndGlobal
